// !$*UTF8*$!
{
	archiveVersion = 1;
	classes = {
	};
	objectVersion = 50;
	objects = {

/* Begin PBXBuildFile section */
		3637894B2318F74900874072 /* AppDelegate.swift in Sources */ = {isa = PBXBuildFile; fileRef = 3637894A2318F74900874072 /* AppDelegate.swift */; };
		3637894D2318F74900874072 /* ViewController.swift in Sources */ = {isa = PBXBuildFile; fileRef = 3637894C2318F74900874072 /* ViewController.swift */; };
		363789502318F74900874072 /* Main.storyboard in Resources */ = {isa = PBXBuildFile; fileRef = 3637894E2318F74900874072 /* Main.storyboard */; };
		363789522318F74B00874072 /* Assets.xcassets in Resources */ = {isa = PBXBuildFile; fileRef = 363789512318F74B00874072 /* Assets.xcassets */; };
		363789552318F74B00874072 /* LaunchScreen.storyboard in Resources */ = {isa = PBXBuildFile; fileRef = 363789532318F74B00874072 /* LaunchScreen.storyboard */; };
		3637895D2318F86E00874072 /* ListViewController.swift in Sources */ = {isa = PBXBuildFile; fileRef = 3637895C2318F86E00874072 /* ListViewController.swift */; };
		3637895F2318F88400874072 /* MapViewController.swift in Sources */ = {isa = PBXBuildFile; fileRef = 3637895E2318F88400874072 /* MapViewController.swift */; };
		363789642318F93E00874072 /* APIContoller.swift in Sources */ = {isa = PBXBuildFile; fileRef = 363789632318F93E00874072 /* APIContoller.swift */; };
		363789662318F9EE00874072 /* Global.swift in Sources */ = {isa = PBXBuildFile; fileRef = 363789652318F9EE00874072 /* Global.swift */; };
		363789682318FA4C00874072 /* RealmDataBase.swift in Sources */ = {isa = PBXBuildFile; fileRef = 363789672318FA4C00874072 /* RealmDataBase.swift */; };
		3637896B2318FE4600874072 /* MapKit.framework in Frameworks */ = {isa = PBXBuildFile; fileRef = 3637896A2318FE4600874072 /* MapKit.framework */; };
		3637896E231901E700874072 /* BaseClass.swift in Sources */ = {isa = PBXBuildFile; fileRef = 3637896D231901E700874072 /* BaseClass.swift */; };
		363789702319064B00874072 /* TableViewCell.swift in Sources */ = {isa = PBXBuildFile; fileRef = 3637896F2319064B00874072 /* TableViewCell.swift */; };
		363789732327855D00874072 /* CoreLocation.framework in Frameworks */ = {isa = PBXBuildFile; fileRef = 363789722327855D00874072 /* CoreLocation.framework */; };
		FEF800742321D5BA1AB52983 /* Pods_NearRestro.framework in Frameworks */ = {isa = PBXBuildFile; fileRef = C43073670E1990F01A18E5B5 /* Pods_NearRestro.framework */; };
/* End PBXBuildFile section */

/* Begin PBXFileReference section */
		363789472318F74900874072 /* NearRestro.app */ = {isa = PBXFileReference; explicitFileType = wrapper.application; includeInIndex = 0; path = NearRestro.app; sourceTree = BUILT_PRODUCTS_DIR; };
		3637894A2318F74900874072 /* AppDelegate.swift */ = {isa = PBXFileReference; lastKnownFileType = sourcecode.swift; path = AppDelegate.swift; sourceTree = "<group>"; };
		3637894C2318F74900874072 /* ViewController.swift */ = {isa = PBXFileReference; lastKnownFileType = sourcecode.swift; path = ViewController.swift; sourceTree = "<group>"; };
		3637894F2318F74900874072 /* Base */ = {isa = PBXFileReference; lastKnownFileType = file.storyboard; name = Base; path = Base.lproj/Main.storyboard; sourceTree = "<group>"; };
		363789512318F74B00874072 /* Assets.xcassets */ = {isa = PBXFileReference; lastKnownFileType = folder.assetcatalog; path = Assets.xcassets; sourceTree = "<group>"; };
		363789542318F74B00874072 /* Base */ = {isa = PBXFileReference; lastKnownFileType = file.storyboard; name = Base; path = Base.lproj/LaunchScreen.storyboard; sourceTree = "<group>"; };
		363789562318F74B00874072 /* Info.plist */ = {isa = PBXFileReference; lastKnownFileType = text.plist.xml; path = Info.plist; sourceTree = "<group>"; };
		3637895C2318F86E00874072 /* ListViewController.swift */ = {isa = PBXFileReference; lastKnownFileType = sourcecode.swift; path = ListViewController.swift; sourceTree = "<group>"; };
		3637895E2318F88400874072 /* MapViewController.swift */ = {isa = PBXFileReference; lastKnownFileType = sourcecode.swift; path = MapViewController.swift; sourceTree = "<group>"; };
		363789632318F93E00874072 /* APIContoller.swift */ = {isa = PBXFileReference; fileEncoding = 4; lastKnownFileType = sourcecode.swift; path = APIContoller.swift; sourceTree = "<group>"; };
		363789652318F9EE00874072 /* Global.swift */ = {isa = PBXFileReference; fileEncoding = 4; lastKnownFileType = sourcecode.swift; path = Global.swift; sourceTree = "<group>"; };
		363789672318FA4C00874072 /* RealmDataBase.swift */ = {isa = PBXFileReference; fileEncoding = 4; lastKnownFileType = sourcecode.swift; path = RealmDataBase.swift; sourceTree = "<group>"; };
		3637896A2318FE4600874072 /* MapKit.framework */ = {isa = PBXFileReference; lastKnownFileType = wrapper.framework; name = MapKit.framework; path = System/Library/Frameworks/MapKit.framework; sourceTree = SDKROOT; };
		3637896D231901E700874072 /* BaseClass.swift */ = {isa = PBXFileReference; lastKnownFileType = sourcecode.swift; path = BaseClass.swift; sourceTree = "<group>"; };
		3637896F2319064B00874072 /* TableViewCell.swift */ = {isa = PBXFileReference; lastKnownFileType = sourcecode.swift; path = TableViewCell.swift; sourceTree = "<group>"; };
		363789722327855D00874072 /* CoreLocation.framework */ = {isa = PBXFileReference; lastKnownFileType = wrapper.framework; name = CoreLocation.framework; path = System/Library/Frameworks/CoreLocation.framework; sourceTree = SDKROOT; };
		64BF7DAB60E2D237204D4860 /* Pods-NearRestro.release.xcconfig */ = {isa = PBXFileReference; includeInIndex = 1; lastKnownFileType = text.xcconfig; name = "Pods-NearRestro.release.xcconfig"; path = "Pods/Target Support Files/Pods-NearRestro/Pods-NearRestro.release.xcconfig"; sourceTree = "<group>"; };
		B6FF1FA3A369DE303282517A /* Pods-NearRestro.debug.xcconfig */ = {isa = PBXFileReference; includeInIndex = 1; lastKnownFileType = text.xcconfig; name = "Pods-NearRestro.debug.xcconfig"; path = "Pods/Target Support Files/Pods-NearRestro/Pods-NearRestro.debug.xcconfig"; sourceTree = "<group>"; };
		C43073670E1990F01A18E5B5 /* Pods_NearRestro.framework */ = {isa = PBXFileReference; explicitFileType = wrapper.framework; includeInIndex = 0; path = Pods_NearRestro.framework; sourceTree = BUILT_PRODUCTS_DIR; };
/* End PBXFileReference section */

/* Begin PBXFrameworksBuildPhase section */
		363789442318F74900874072 /* Frameworks */ = {
			isa = PBXFrameworksBuildPhase;
			buildActionMask = 2147483647;
			files = (
				363789732327855D00874072 /* CoreLocation.framework in Frameworks */,
				3637896B2318FE4600874072 /* MapKit.framework in Frameworks */,
				FEF800742321D5BA1AB52983 /* Pods_NearRestro.framework in Frameworks */,
			);
			runOnlyForDeploymentPostprocessing = 0;
		};
/* End PBXFrameworksBuildPhase section */

/* Begin PBXGroup section */
		3637893E2318F74900874072 = {
			isa = PBXGroup;
			children = (
				363789492318F74900874072 /* NearRestro */,
				363789482318F74900874072 /* Products */,
				363789692318FE4500874072 /* Frameworks */,
				71CE190DC0D0082DDDDFD3D2 /* Pods */,
			);
			sourceTree = "<group>";
		};
		363789482318F74900874072 /* Products */ = {
			isa = PBXGroup;
			children = (
				363789472318F74900874072 /* NearRestro.app */,
			);
			name = Products;
			sourceTree = "<group>";
		};
		363789492318F74900874072 /* NearRestro */ = {
			isa = PBXGroup;
			children = (
				3637894A2318F74900874072 /* AppDelegate.swift */,
				3637894E2318F74900874072 /* Main.storyboard */,
				363789512318F74B00874072 /* Assets.xcassets */,
				363789602318F88E00874072 /* View */,
				363789612318F8AA00874072 /* API Controller */,
				363789532318F74B00874072 /* LaunchScreen.storyboard */,
				363789562318F74B00874072 /* Info.plist */,
			);
			path = NearRestro;
			sourceTree = "<group>";
		};
		363789602318F88E00874072 /* View */ = {
			isa = PBXGroup;
			children = (
				363789712319066C00874072 /* Cell */,
				3637896D231901E700874072 /* BaseClass.swift */,
				3637894C2318F74900874072 /* ViewController.swift */,
				3637895C2318F86E00874072 /* ListViewController.swift */,
				3637895E2318F88400874072 /* MapViewController.swift */,
			);
			path = View;
			sourceTree = "<group>";
		};
		363789612318F8AA00874072 /* API Controller */ = {
			isa = PBXGroup;
			children = (
				363789632318F93E00874072 /* APIContoller.swift */,
				363789652318F9EE00874072 /* Global.swift */,
				363789622318F8E400874072 /* Database */,
			);
			path = "API Controller";
			sourceTree = "<group>";
		};
		363789622318F8E400874072 /* Database */ = {
			isa = PBXGroup;
			children = (
				363789672318FA4C00874072 /* RealmDataBase.swift */,
			);
			path = Database;
			sourceTree = "<group>";
		};
		363789692318FE4500874072 /* Frameworks */ = {
			isa = PBXGroup;
			children = (
				363789722327855D00874072 /* CoreLocation.framework */,
				3637896A2318FE4600874072 /* MapKit.framework */,
				C43073670E1990F01A18E5B5 /* Pods_NearRestro.framework */,
			);
			name = Frameworks;
			sourceTree = "<group>";
		};
		363789712319066C00874072 /* Cell */ = {
			isa = PBXGroup;
			children = (
				3637896F2319064B00874072 /* TableViewCell.swift */,
			);
			path = Cell;
			sourceTree = "<group>";
		};
		71CE190DC0D0082DDDDFD3D2 /* Pods */ = {
			isa = PBXGroup;
			children = (
				B6FF1FA3A369DE303282517A /* Pods-NearRestro.debug.xcconfig */,
				64BF7DAB60E2D237204D4860 /* Pods-NearRestro.release.xcconfig */,
			);
			name = Pods;
			sourceTree = "<group>";
		};
/* End PBXGroup section */

/* Begin PBXNativeTarget section */
		363789462318F74900874072 /* NearRestro */ = {
			isa = PBXNativeTarget;
			buildConfigurationList = 363789592318F74B00874072 /* Build configuration list for PBXNativeTarget "NearRestro" */;
			buildPhases = (
				8B2E473C229A8BA948DE99A7 /* [CP] Check Pods Manifest.lock */,
				363789432318F74900874072 /* Sources */,
				363789442318F74900874072 /* Frameworks */,
				363789452318F74900874072 /* Resources */,
				AF09ED4118D737E1F71ED01E /* [CP] Embed Pods Frameworks */,
			);
			buildRules = (
			);
			dependencies = (
			);
			name = NearRestro;
			productName = NearRestro;
			productReference = 363789472318F74900874072 /* NearRestro.app */;
			productType = "com.apple.product-type.application";
		};
/* End PBXNativeTarget section */

/* Begin PBXProject section */
		3637893F2318F74900874072 /* Project object */ = {
			isa = PBXProject;
			attributes = {
				LastSwiftUpdateCheck = 1010;
				LastUpgradeCheck = 1010;
				ORGANIZATIONNAME = Tagrem;
				TargetAttributes = {
					363789462318F74900874072 = {
						CreatedOnToolsVersion = 10.1;
					};
				};
			};
			buildConfigurationList = 363789422318F74900874072 /* Build configuration list for PBXProject "NearRestro" */;
			compatibilityVersion = "Xcode 9.3";
			developmentRegion = en;
			hasScannedForEncodings = 0;
			knownRegions = (
				en,
				Base,
			);
			mainGroup = 3637893E2318F74900874072;
			productRefGroup = 363789482318F74900874072 /* Products */;
			projectDirPath = "";
			projectRoot = "";
			targets = (
				363789462318F74900874072 /* NearRestro */,
			);
		};
/* End PBXProject section */

/* Begin PBXResourcesBuildPhase section */
		363789452318F74900874072 /* Resources */ = {
			isa = PBXResourcesBuildPhase;
			buildActionMask = 2147483647;
			files = (
				363789552318F74B00874072 /* LaunchScreen.storyboard in Resources */,
				363789522318F74B00874072 /* Assets.xcassets in Resources */,
				363789502318F74900874072 /* Main.storyboard in Resources */,
			);
			runOnlyForDeploymentPostprocessing = 0;
		};
/* End PBXResourcesBuildPhase section */

/* Begin PBXShellScriptBuildPhase section */
		8B2E473C229A8BA948DE99A7 /* [CP] Check Pods Manifest.lock */ = {
			isa = PBXShellScriptBuildPhase;
			buildActionMask = 2147483647;
			files = (
			);
			inputPaths = (
				"${PODS_PODFILE_DIR_PATH}/Podfile.lock",
				"${PODS_ROOT}/Manifest.lock",
			);
			name = "[CP] Check Pods Manifest.lock";
			outputPaths = (
				"$(DERIVED_FILE_DIR)/Pods-NearRestro-checkManifestLockResult.txt",
			);
			runOnlyForDeploymentPostprocessing = 0;
			shellPath = /bin/sh;
			shellScript = "diff \"${PODS_PODFILE_DIR_PATH}/Podfile.lock\" \"${PODS_ROOT}/Manifest.lock\" > /dev/null\nif [ $? != 0 ] ; then\n    # print error to STDERR\n    echo \"error: The sandbox is not in sync with the Podfile.lock. Run 'pod install' or update your CocoaPods installation.\" >&2\n    exit 1\nfi\n# This output is used by Xcode 'outputs' to avoid re-running this script phase.\necho \"SUCCESS\" > \"${SCRIPT_OUTPUT_FILE_0}\"\n";
			showEnvVarsInLog = 0;
		};
		AF09ED4118D737E1F71ED01E /* [CP] Embed Pods Frameworks */ = {
			isa = PBXShellScriptBuildPhase;
			buildActionMask = 2147483647;
			files = (
			);
			inputPaths = (
				"${SRCROOT}/Pods/Target Support Files/Pods-NearRestro/Pods-NearRestro-frameworks.sh",
				"${BUILT_PRODUCTS_DIR}/Realm/Realm.framework",
				"${BUILT_PRODUCTS_DIR}/RealmSwift/RealmSwift.framework",
			);
			name = "[CP] Embed Pods Frameworks";
			outputPaths = (
				"${TARGET_BUILD_DIR}/${FRAMEWORKS_FOLDER_PATH}/Realm.framework",
				"${TARGET_BUILD_DIR}/${FRAMEWORKS_FOLDER_PATH}/RealmSwift.framework",
			);
			runOnlyForDeploymentPostprocessing = 0;
			shellPath = /bin/sh;
			shellScript = "\"${SRCROOT}/Pods/Target Support Files/Pods-NearRestro/Pods-NearRestro-frameworks.sh\"\n";
			showEnvVarsInLog = 0;
		};
/* End PBXShellScriptBuildPhase section */

/* Begin PBXSourcesBuildPhase section */
		363789432318F74900874072 /* Sources */ = {
			isa = PBXSourcesBuildPhase;
			buildActionMask = 2147483647;
			files = (
				363789642318F93E00874072 /* APIContoller.swift in Sources */,
				3637894D2318F74900874072 /* ViewController.swift in Sources */,
				363789682318FA4C00874072 /* RealmDataBase.swift in Sources */,
				363789702319064B00874072 /* TableViewCell.swift in Sources */,
				3637896E231901E700874072 /* BaseClass.swift in Sources */,
				363789662318F9EE00874072 /* Global.swift in Sources */,
				3637894B2318F74900874072 /* AppDelegate.swift in Sources */,
				3637895D2318F86E00874072 /* ListViewController.swift in Sources */,
				3637895F2318F88400874072 /* MapViewController.swift in Sources */,
			);
			runOnlyForDeploymentPostprocessing = 0;
		};
/* End PBXSourcesBuildPhase section */

/* Begin PBXVariantGroup section */
		3637894E2318F74900874072 /* Main.storyboard */ = {
			isa = PBXVariantGroup;
			children = (
				3637894F2318F74900874072 /* Base */,
			);
			name = Main.storyboard;
			sourceTree = "<group>";
		};
		363789532318F74B00874072 /* LaunchScreen.storyboard */ = {
			isa = PBXVariantGroup;
			children = (
				363789542318F74B00874072 /* Base */,
			);
			name = LaunchScreen.storyboard;
			sourceTree = "<group>";
		};
/* End PBXVariantGroup section */

/* Begin XCBuildConfiguration section */
		363789572318F74B00874072 /* Debug */ = {
			isa = XCBuildConfiguration;
			buildSettings = {
				ALWAYS_SEARCH_USER_PATHS = NO;
				CLANG_ANALYZER_NONNULL = YES;
				CLANG_ANALYZER_NUMBER_OBJECT_CONVERSION = YES_AGGRESSIVE;
				CLANG_CXX_LANGUAGE_STANDARD = "gnu++14";
				CLANG_CXX_LIBRARY = "libc++";
				CLANG_ENABLE_MODULES = YES;
				CLANG_ENABLE_OBJC_ARC = YES;
				CLANG_ENABLE_OBJC_WEAK = YES;
				CLANG_WARN_BLOCK_CAPTURE_AUTORELEASING = YES;
				CLANG_WARN_BOOL_CONVERSION = YES;
				CLANG_WARN_COMMA = YES;
				CLANG_WARN_CONSTANT_CONVERSION = YES;
				CLANG_WARN_DEPRECATED_OBJC_IMPLEMENTATIONS = YES;
				CLANG_WARN_DIRECT_OBJC_ISA_USAGE = YES_ERROR;
				CLANG_WARN_DOCUMENTATION_COMMENTS = YES;
				CLANG_WARN_EMPTY_BODY = YES;
				CLANG_WARN_ENUM_CONVERSION = YES;
				CLANG_WARN_INFINITE_RECURSION = YES;
				CLANG_WARN_INT_CONVERSION = YES;
				CLANG_WARN_NON_LITERAL_NULL_CONVERSION = YES;
				CLANG_WARN_OBJC_IMPLICIT_RETAIN_SELF = YES;
				CLANG_WARN_OBJC_LITERAL_CONVERSION = YES;
				CLANG_WARN_OBJC_ROOT_CLASS = YES_ERROR;
				CLANG_WARN_RANGE_LOOP_ANALYSIS = YES;
				CLANG_WARN_STRICT_PROTOTYPES = YES;
				CLANG_WARN_SUSPICIOUS_MOVE = YES;
				CLANG_WARN_UNGUARDED_AVAILABILITY = YES_AGGRESSIVE;
				CLANG_WARN_UNREACHABLE_CODE = YES;
				CLANG_WARN__DUPLICATE_METHOD_MATCH = YES;
				CODE_SIGN_IDENTITY = "iPhone Developer";
				COPY_PHASE_STRIP = NO;
				DEBUG_INFORMATION_FORMAT = dwarf;
				ENABLE_STRICT_OBJC_MSGSEND = YES;
				ENABLE_TESTABILITY = YES;
				GCC_C_LANGUAGE_STANDARD = gnu11;
				GCC_DYNAMIC_NO_PIC = NO;
				GCC_NO_COMMON_BLOCKS = YES;
				GCC_OPTIMIZATION_LEVEL = 0;
				GCC_PREPROCESSOR_DEFINITIONS = (
					"DEBUG=1",
					"$(inherited)",
				);
				GCC_WARN_64_TO_32_BIT_CONVERSION = YES;
				GCC_WARN_ABOUT_RETURN_TYPE = YES_ERROR;
				GCC_WARN_UNDECLARED_SELECTOR = YES;
				GCC_WARN_UNINITIALIZED_AUTOS = YES_AGGRESSIVE;
				GCC_WARN_UNUSED_FUNCTION = YES;
				GCC_WARN_UNUSED_VARIABLE = YES;
				IPHONEOS_DEPLOYMENT_TARGET = 12.1;
				MTL_ENABLE_DEBUG_INFO = INCLUDE_SOURCE;
				MTL_FAST_MATH = YES;
				ONLY_ACTIVE_ARCH = YES;
				SDKROOT = iphoneos;
				SWIFT_ACTIVE_COMPILATION_CONDITIONS = DEBUG;
				SWIFT_OPTIMIZATION_LEVEL = "-Onone";
			};
			name = Debug;
		};
		363789582318F74B00874072 /* Release */ = {
			isa = XCBuildConfiguration;
			buildSettings = {
				ALWAYS_SEARCH_USER_PATHS = NO;
				CLANG_ANALYZER_NONNULL = YES;
				CLANG_ANALYZER_NUMBER_OBJECT_CONVERSION = YES_AGGRESSIVE;
				CLANG_CXX_LANGUAGE_STANDARD = "gnu++14";
				CLANG_CXX_LIBRARY = "libc++";
				CLANG_ENABLE_MODULES = YES;
				CLANG_ENABLE_OBJC_ARC = YES;
				CLANG_ENABLE_OBJC_WEAK = YES;
				CLANG_WARN_BLOCK_CAPTURE_AUTORELEASING = YES;
				CLANG_WARN_BOOL_CONVERSION = YES;
				CLANG_WARN_COMMA = YES;
				CLANG_WARN_CONSTANT_CONVERSION = YES;
				CLANG_WARN_DEPRECATED_OBJC_IMPLEMENTATIONS = YES;
				CLANG_WARN_DIRECT_OBJC_ISA_USAGE = YES_ERROR;
				CLANG_WARN_DOCUMENTATION_COMMENTS = YES;
				CLANG_WARN_EMPTY_BODY = YES;
				CLANG_WARN_ENUM_CONVERSION = YES;
				CLANG_WARN_INFINITE_RECURSION = YES;
				CLANG_WARN_INT_CONVERSION = YES;
				CLANG_WARN_NON_LITERAL_NULL_CONVERSION = YES;
				CLANG_WARN_OBJC_IMPLICIT_RETAIN_SELF = YES;
				CLANG_WARN_OBJC_LITERAL_CONVERSION = YES;
				CLANG_WARN_OBJC_ROOT_CLASS = YES_ERROR;
				CLANG_WARN_RANGE_LOOP_ANALYSIS = YES;
				CLANG_WARN_STRICT_PROTOTYPES = YES;
				CLANG_WARN_SUSPICIOUS_MOVE = YES;
				CLANG_WARN_UNGUARDED_AVAILABILITY = YES_AGGRESSIVE;
				CLANG_WARN_UNREACHABLE_CODE = YES;
				CLANG_WARN__DUPLICATE_METHOD_MATCH = YES;
				CODE_SIGN_IDENTITY = "iPhone Developer";
				COPY_PHASE_STRIP = NO;
				DEBUG_INFORMATION_FORMAT = "dwarf-with-dsym";
				ENABLE_NS_ASSERTIONS = NO;
				ENABLE_STRICT_OBJC_MSGSEND = YES;
				GCC_C_LANGUAGE_STANDARD = gnu11;
				GCC_NO_COMMON_BLOCKS = YES;
				GCC_WARN_64_TO_32_BIT_CONVERSION = YES;
				GCC_WARN_ABOUT_RETURN_TYPE = YES_ERROR;
				GCC_WARN_UNDECLARED_SELECTOR = YES;
				GCC_WARN_UNINITIALIZED_AUTOS = YES_AGGRESSIVE;
				GCC_WARN_UNUSED_FUNCTION = YES;
				GCC_WARN_UNUSED_VARIABLE = YES;
				IPHONEOS_DEPLOYMENT_TARGET = 12.1;
				MTL_ENABLE_DEBUG_INFO = NO;
				MTL_FAST_MATH = YES;
				SDKROOT = iphoneos;
				SWIFT_COMPILATION_MODE = wholemodule;
				SWIFT_OPTIMIZATION_LEVEL = "-O";
				VALIDATE_PRODUCT = YES;
			};
			name = Release;
		};
		3637895A2318F74B00874072 /* Debug */ = {
			isa = XCBuildConfiguration;
			baseConfigurationReference = B6FF1FA3A369DE303282517A /* Pods-NearRestro.debug.xcconfig */;
			buildSettings = {
				ASSETCATALOG_COMPILER_APPICON_NAME = AppIcon;
				CODE_SIGN_STYLE = Automatic;
				DEVELOPMENT_TEAM = MHF9H427DG;
				INFOPLIST_FILE = NearRestro/Info.plist;
				IPHONEOS_DEPLOYMENT_TARGET = 11.0;
				LD_RUNPATH_SEARCH_PATHS = (
					"$(inherited)",
					"@executable_path/Frameworks",
				);
				PRODUCT_BUNDLE_IDENTIFIER = com.tagrem.awprogress.NearRestro;
				PRODUCT_NAME = "$(TARGET_NAME)";
				SWIFT_VERSION = 4.2;
				TARGETED_DEVICE_FAMILY = "1,2";
			};
			name = Debug;
		};
		3637895B2318F74B00874072 /* Release */ = {
			isa = XCBuildConfiguration;
			baseConfigurationReference = 64BF7DAB60E2D237204D4860 /* Pods-NearRestro.release.xcconfig */;
			buildSettings = {
				ASSETCATALOG_COMPILER_APPICON_NAME = AppIcon;
				CODE_SIGN_STYLE = Automatic;
				DEVELOPMENT_TEAM = MHF9H427DG;
				INFOPLIST_FILE = NearRestro/Info.plist;
				IPHONEOS_DEPLOYMENT_TARGET = 11.0;
				LD_RUNPATH_SEARCH_PATHS = (
					"$(inherited)",
					"@executable_path/Frameworks",
				);
				PRODUCT_BUNDLE_IDENTIFIER = com.tagrem.awprogress.NearRestro;
				PRODUCT_NAME = "$(TARGET_NAME)";
				SWIFT_VERSION = 4.2;
				TARGETED_DEVICE_FAMILY = "1,2";
			};
			name = Release;
		};
/* End XCBuildConfiguration section */

/* Begin XCConfigurationList section */
		363789422318F74900874072 /* Build configuration list for PBXProject "NearRestro" */ = {
			isa = XCConfigurationList;
			buildConfigurations = (
				363789572318F74B00874072 /* Debug */,
				363789582318F74B00874072 /* Release */,
			);
			defaultConfigurationIsVisible = 0;
			defaultConfigurationName = Release;
		};
		363789592318F74B00874072 /* Build configuration list for PBXNativeTarget "NearRestro" */ = {
			isa = XCConfigurationList;
			buildConfigurations = (
				3637895A2318F74B00874072 /* Debug */,
				3637895B2318F74B00874072 /* Release */,
			);
			defaultConfigurationIsVisible = 0;
			defaultConfigurationName = Release;
		};
/* End XCConfigurationList section */
	};
	rootObject = 3637893F2318F74900874072 /* Project object */;
}
